
Microsoft Visual Studio Solution File, Format Version 12.00
# Visual Studio Version 17
VisualStudioVersion = 17.12.35707.178
MinimumVisualStudioVersion = 10.0.40219.1
Project("{2150E333-8FDC-42A3-9474-1A3956D46DE8}") = "Solution Items", "Solution Items", "{A68D007B-5D35-4565-91CD-9A84451CA12D}"
	ProjectSection(SolutionItems) = preProject
		.editorconfig = .editorconfig
		.gitattributes = .gitattributes
		.gitignore = .gitignore
		.github\workflows\azure-static-web-apps.yml = .github\workflows\azure-static-web-apps.yml
		Directory.Build.props = Directory.Build.props
		Directory.Build.targets = Directory.Build.targets
		.config\dotnet-tools.json = .config\dotnet-tools.json
		readme.md = readme.md
		RocketExplorer.sln.DotSettings = RocketExplorer.sln.DotSettings
		stylecop.json = stylecop.json
	EndProjectSection
EndProject
Project("{FAE04EC0-301F-11D3-BF4B-00C04F79EFBC}") = "RocketExplorer.Ethereum", "src\RocketExplorer.Ethereum\RocketExplorer.Ethereum.csproj", "{2C5AF814-431A-4648-B36B-0F0CD97132E8}"
EndProject
Project("{FAE04EC0-301F-11D3-BF4B-00C04F79EFBC}") = "RocketExplorer.Functions", "src\RocketExplorer.Functions\RocketExplorer.Functions.csproj", "{A3EFD2E0-DBED-40AB-B3B7-D5D202C2070F}"
EndProject
Project("{FAE04EC0-301F-11D3-BF4B-00C04F79EFBC}") = "RocketExplorer.Shared", "src\RocketExplorer.Shared\RocketExplorer.Shared.csproj", "{1EF38435-5414-4AB7-B597-54544EA352E2}"
EndProject
Project("{FAE04EC0-301F-11D3-BF4B-00C04F79EFBC}") = "RocketExplorer.Bootstrap", "src\RocketExplorer.Bootstrap\RocketExplorer.Bootstrap.csproj", "{3B3E2528-A227-48B6-8B68-9BFC3F7FCAD8}"
EndProject
Project("{FAE04EC0-301F-11D3-BF4B-00C04F79EFBC}") = "RocketExplorer.Web", "src\RocketExplorer.Web\RocketExplorer.Web.csproj", "{B6C59018-A770-48AB-8C7D-2E474BCA44FA}"
EndProject
Project("{FAE04EC0-301F-11D3-BF4B-00C04F79EFBC}") = "RocketExplorer.Core", "src\RocketExplorer.Core\RocketExplorer.Core.csproj", "{79C65A73-6DA8-4963-B505-4B0F32E58AA0}"
EndProject
Global
	GlobalSection(SolutionConfigurationPlatforms) = preSolution
		Debug|Any CPU = Debug|Any CPU
		Release|Any CPU = Release|Any CPU
	EndGlobalSection
	GlobalSection(ProjectConfigurationPlatforms) = postSolution
		{2C5AF814-431A-4648-B36B-0F0CD97132E8}.Debug|Any CPU.ActiveCfg = Debug|Any CPU
		{2C5AF814-431A-4648-B36B-0F0CD97132E8}.Debug|Any CPU.Build.0 = Debug|Any CPU
		{2C5AF814-431A-4648-B36B-0F0CD97132E8}.Release|Any CPU.ActiveCfg = Release|Any CPU
		{2C5AF814-431A-4648-B36B-0F0CD97132E8}.Release|Any CPU.Build.0 = Release|Any CPU
		{A3EFD2E0-DBED-40AB-B3B7-D5D202C2070F}.Debug|Any CPU.ActiveCfg = Debug|Any CPU
		{A3EFD2E0-DBED-40AB-B3B7-D5D202C2070F}.Debug|Any CPU.Build.0 = Debug|Any CPU
		{A3EFD2E0-DBED-40AB-B3B7-D5D202C2070F}.Release|Any CPU.ActiveCfg = Release|Any CPU
		{A3EFD2E0-DBED-40AB-B3B7-D5D202C2070F}.Release|Any CPU.Build.0 = Release|Any CPU
		{1EF38435-5414-4AB7-B597-54544EA352E2}.Debug|Any CPU.ActiveCfg = Debug|Any CPU
		{1EF38435-5414-4AB7-B597-54544EA352E2}.Debug|Any CPU.Build.0 = Debug|Any CPU
		{1EF38435-5414-4AB7-B597-54544EA352E2}.Release|Any CPU.ActiveCfg = Release|Any CPU
		{1EF38435-5414-4AB7-B597-54544EA352E2}.Release|Any CPU.Build.0 = Release|Any CPU
		{3B3E2528-A227-48B6-8B68-9BFC3F7FCAD8}.Debug|Any CPU.ActiveCfg = Debug|Any CPU
		{3B3E2528-A227-48B6-8B68-9BFC3F7FCAD8}.Debug|Any CPU.Build.0 = Debug|Any CPU
		{3B3E2528-A227-48B6-8B68-9BFC3F7FCAD8}.Release|Any CPU.ActiveCfg = Release|Any CPU
		{3B3E2528-A227-48B6-8B68-9BFC3F7FCAD8}.Release|Any CPU.Build.0 = Release|Any CPU
		{B6C59018-A770-48AB-8C7D-2E474BCA44FA}.Debug|Any CPU.ActiveCfg = Debug|Any CPU
		{B6C59018-A770-48AB-8C7D-2E474BCA44FA}.Debug|Any CPU.Build.0 = Debug|Any CPU
		{B6C59018-A770-48AB-8C7D-2E474BCA44FA}.Release|Any CPU.ActiveCfg = Release|Any CPU
		{B6C59018-A770-48AB-8C7D-2E474BCA44FA}.Release|Any CPU.Build.0 = Release|Any CPU
		{79C65A73-6DA8-4963-B505-4B0F32E58AA0}.Debug|Any CPU.ActiveCfg = Debug|Any CPU
		{79C65A73-6DA8-4963-B505-4B0F32E58AA0}.Debug|Any CPU.Build.0 = Debug|Any CPU
		{79C65A73-6DA8-4963-B505-4B0F32E58AA0}.Release|Any CPU.ActiveCfg = Release|Any CPU
		{79C65A73-6DA8-4963-B505-4B0F32E58AA0}.Release|Any CPU.Build.0 = Release|Any CPU
	EndGlobalSection
	GlobalSection(SolutionProperties) = preSolution
		HideSolutionNode = FALSE
	EndGlobalSection
	GlobalSection(ExtensibilityGlobals) = postSolution
		SolutionGuid = {750C6EDB-427D-4C6F-971E-FDD4A51440D2}
	EndGlobalSection
EndGlobal
